#MicroXplorer Configuration settings - do not modify
ADC3.Channel-0\#ChannelRegularConversion=ADC_CHANNEL_0
ADC3.Channel-13\#ChannelRegularConversion=ADC_CHANNEL_3
ADC3.Channel-14\#ChannelRegularConversion=ADC_CHANNEL_4
ADC3.Channel-15\#ChannelRegularConversion=ADC_CHANNEL_5
ADC3.Channel-16\#ChannelRegularConversion=ADC_CHANNEL_6
ADC3.Channel-17\#ChannelRegularConversion=ADC_CHANNEL_7
ADC3.Channel-18\#ChannelRegularConversion=ADC_CHANNEL_8
ADC3.Channel-19\#ChannelRegularConversion=ADC_CHANNEL_9
ADC3.Channel-20\#ChannelRegularConversion=ADC_CHANNEL_10
ADC3.Channel-21\#ChannelRegularConversion=ADC_CHANNEL_12
ADC3.Channel-22\#ChannelRegularConversion=ADC_CHANNEL_13
ADC3.Channel-23\#ChannelRegularConversion=ADC_CHANNEL_14
ADC3.Channel-24\#ChannelRegularConversion=ADC_CHANNEL_15
ADC3.ClockPrescaler=ADC_CLOCK_SYNC_PCLK_DIV4
ADC3.ContinuousConvMode=ENABLE
ADC3.DMAContinuousRequests=ENABLE
ADC3.DataAlign=ADC_DATAALIGN_RIGHT
ADC3.DiscontinuousConvMode=DISABLE
ADC3.EOCSelection=ADC_EOC_SINGLE_CONV
ADC3.EnableAnalogWatchDog=false
ADC3.ExternalTrigConv=ADC_SOFTWARE_START
ADC3.ExternalTrigConvEdge=ADC_EXTERNALTRIGCONVEDGE_NONE
ADC3.IPParameters=NbrOfConversionFlag,Channel-0\#ChannelRegularConversion,ScanConvMode,ContinuousConvMode,Rank-13\#ChannelRegularConversion,Channel-13\#ChannelRegularConversion,SamplingTime-13\#ChannelRegularConversion,Rank-14\#ChannelRegularConversion,Channel-14\#ChannelRegularConversion,SamplingTime-14\#ChannelRegularConversion,Rank-15\#ChannelRegularConversion,Channel-15\#ChannelRegularConversion,SamplingTime-15\#ChannelRegularConversion,Rank-16\#ChannelRegularConversion,Channel-16\#ChannelRegularConversion,SamplingTime-16\#ChannelRegularConversion,Rank-17\#ChannelRegularConversion,Channel-17\#ChannelRegularConversion,SamplingTime-17\#ChannelRegularConversion,Rank-18\#ChannelRegularConversion,Channel-18\#ChannelRegularConversion,SamplingTime-18\#ChannelRegularConversion,Rank-19\#ChannelRegularConversion,Channel-19\#ChannelRegularConversion,SamplingTime-19\#ChannelRegularConversion,NbrOfConversion,SamplingTime-0\#ChannelRegularConversion,ClockPrescaler,Resolution,DataAlign,DiscontinuousConvMode,DMAContinuousRequests,EOCSelection,ExternalTrigConv,ExternalTrigConvEdge,InjNumberOfConversion,EnableAnalogWatchDog,Rank-0\#ChannelRegularConversion,Rank-20\#ChannelRegularConversion,Channel-20\#ChannelRegularConversion,SamplingTime-20\#ChannelRegularConversion,Rank-21\#ChannelRegularConversion,Channel-21\#ChannelRegularConversion,SamplingTime-21\#ChannelRegularConversion,Rank-22\#ChannelRegularConversion,Channel-22\#ChannelRegularConversion,SamplingTime-22\#ChannelRegularConversion,Rank-23\#ChannelRegularConversion,Channel-23\#ChannelRegularConversion,SamplingTime-23\#ChannelRegularConversion,Rank-24\#ChannelRegularConversion,Channel-24\#ChannelRegularConversion,SamplingTime-24\#ChannelRegularConversion
ADC3.InjNumberOfConversion=0
ADC3.NbrOfConversion=13
ADC3.NbrOfConversionFlag=1
ADC3.Rank-0\#ChannelRegularConversion=1
ADC3.Rank-13\#ChannelRegularConversion=2
ADC3.Rank-14\#ChannelRegularConversion=3
ADC3.Rank-15\#ChannelRegularConversion=4
ADC3.Rank-16\#ChannelRegularConversion=5
ADC3.Rank-17\#ChannelRegularConversion=6
ADC3.Rank-18\#ChannelRegularConversion=7
ADC3.Rank-19\#ChannelRegularConversion=8
ADC3.Rank-20\#ChannelRegularConversion=9
ADC3.Rank-21\#ChannelRegularConversion=10
ADC3.Rank-22\#ChannelRegularConversion=11
ADC3.Rank-23\#ChannelRegularConversion=12
ADC3.Rank-24\#ChannelRegularConversion=13
ADC3.Resolution=ADC_RESOLUTION_12B
ADC3.SamplingTime-0\#ChannelRegularConversion=ADC_SAMPLETIME_144CYCLES
ADC3.SamplingTime-13\#ChannelRegularConversion=ADC_SAMPLETIME_144CYCLES
ADC3.SamplingTime-14\#ChannelRegularConversion=ADC_SAMPLETIME_144CYCLES
ADC3.SamplingTime-15\#ChannelRegularConversion=ADC_SAMPLETIME_144CYCLES
ADC3.SamplingTime-16\#ChannelRegularConversion=ADC_SAMPLETIME_144CYCLES
ADC3.SamplingTime-17\#ChannelRegularConversion=ADC_SAMPLETIME_144CYCLES
ADC3.SamplingTime-18\#ChannelRegularConversion=ADC_SAMPLETIME_144CYCLES
ADC3.SamplingTime-19\#ChannelRegularConversion=ADC_SAMPLETIME_144CYCLES
ADC3.SamplingTime-20\#ChannelRegularConversion=ADC_SAMPLETIME_144CYCLES
ADC3.SamplingTime-21\#ChannelRegularConversion=ADC_SAMPLETIME_144CYCLES
ADC3.SamplingTime-22\#ChannelRegularConversion=ADC_SAMPLETIME_144CYCLES
ADC3.SamplingTime-23\#ChannelRegularConversion=ADC_SAMPLETIME_144CYCLES
ADC3.SamplingTime-24\#ChannelRegularConversion=ADC_SAMPLETIME_144CYCLES
ADC3.ScanConvMode=ENABLE
Dma.ADC3.0.Direction=DMA_PERIPH_TO_MEMORY
Dma.ADC3.0.FIFOMode=DMA_FIFOMODE_DISABLE
Dma.ADC3.0.Instance=DMA2_Stream0
Dma.ADC3.0.MemDataAlignment=DMA_MDATAALIGN_HALFWORD
Dma.ADC3.0.MemInc=DMA_MINC_ENABLE
Dma.ADC3.0.Mode=DMA_CIRCULAR
Dma.ADC3.0.PeriphDataAlignment=DMA_PDATAALIGN_HALFWORD
Dma.ADC3.0.PeriphInc=DMA_PINC_DISABLE
Dma.ADC3.0.Priority=DMA_PRIORITY_LOW
Dma.ADC3.0.RequestParameters=Instance,Direction,PeriphInc,MemInc,PeriphDataAlignment,MemDataAlignment,Mode,Priority,FIFOMode
Dma.Request0=ADC3
Dma.RequestsNb=1
ETH.IPParameters=MediaInterface,PHY_Name,PHY_Value,PhyAddress
ETH.MediaInterface=ETH_MEDIA_INTERFACE_RMII
ETH.PHY_Name=LAN8742A_PHY_ADDRESS
ETH.PHY_Value=0
ETH.PhyAddress=0
FREERTOS.FootprintOK=true
FREERTOS.IPParameters=Tasks01,Queues01,FootprintOK
FREERTOS.Queues01=modbusTcpRxQueue,100,uint8_t,0,Dynamic,NULL,NULL;modbusRtuQueue,100,uint8_t,0,Dynamic,NULL,NULL;modbusAsciiQueue,100,uint8_t,0,Dynamic,NULL,NULL
FREERTOS.Tasks01=SysTask,0,128,StartSysTask,Default,NULL,Dynamic,NULL,NULL;ModbusTask,-3,128,StartModbusTask,Default,NULL,Dynamic,NULL,NULL
File.Version=6
KeepUserPlacement=true
LWIP.GATEWAY_ADDRESS=192.168.001.001
LWIP.IPParameters=LWIP_DHCP,IP_ADDRESS,NETMASK_ADDRESS,GATEWAY_ADDRESS
LWIP.IP_ADDRESS=192.168.001.123
LWIP.LWIP_DHCP=0
LWIP.NETMASK_ADDRESS=255.255.255.000
LWIP.Version=v2.0.3_Cube
Mcu.Family=STM32F7
Mcu.IP0=ADC3
Mcu.IP1=CORTEX_M7
Mcu.IP10=USART3
Mcu.IP11=USART6
Mcu.IP2=DMA
Mcu.IP3=ETH
Mcu.IP4=FREERTOS
Mcu.IP5=LWIP
Mcu.IP6=NVIC
Mcu.IP7=RCC
Mcu.IP8=SYS
Mcu.IP9=UART4
Mcu.IPNb=12
Mcu.Name=STM32F767ZITx
Mcu.Package=LQFP144
Mcu.Pin0=PE2
Mcu.Pin1=PE3
Mcu.Pin10=PF2
Mcu.Pin100=VP_LWIP_VS_Enabled
Mcu.Pin101=VP_SYS_VS_Systick
Mcu.Pin11=PF3
Mcu.Pin12=PF4
Mcu.Pin13=PF5
Mcu.Pin14=PF6
Mcu.Pin15=PF7
Mcu.Pin16=PF8
Mcu.Pin17=PF9
Mcu.Pin18=PF10
Mcu.Pin19=PH0/OSC_IN
Mcu.Pin2=PE4
Mcu.Pin20=PH1/OSC_OUT
Mcu.Pin21=PC0
Mcu.Pin22=PC1
Mcu.Pin23=PC2
Mcu.Pin24=PC3
Mcu.Pin25=PA0/WKUP
Mcu.Pin26=PA1
Mcu.Pin27=PA2
Mcu.Pin28=PA3
Mcu.Pin29=PA7
Mcu.Pin3=PE5
Mcu.Pin30=PC4
Mcu.Pin31=PC5
Mcu.Pin32=PB0
Mcu.Pin33=PE10
Mcu.Pin34=PE11
Mcu.Pin35=PE12
Mcu.Pin36=PE13
Mcu.Pin37=PE14
Mcu.Pin38=PE15
Mcu.Pin39=PB10
Mcu.Pin4=PE6
Mcu.Pin40=PB11
Mcu.Pin41=PB12
Mcu.Pin42=PB13
Mcu.Pin43=PB14
Mcu.Pin44=PB15
Mcu.Pin45=PD8
Mcu.Pin46=PD9
Mcu.Pin47=PD10
Mcu.Pin48=PD11
Mcu.Pin49=PD12
Mcu.Pin5=PC13
Mcu.Pin50=PD13
Mcu.Pin51=PD14
Mcu.Pin52=PD15
Mcu.Pin53=PG2
Mcu.Pin54=PG3
Mcu.Pin55=PG4
Mcu.Pin56=PG5
Mcu.Pin57=PG6
Mcu.Pin58=PG7
Mcu.Pin59=PG8
Mcu.Pin6=PC14/OSC32_IN
Mcu.Pin60=PC6
Mcu.Pin61=PC7
Mcu.Pin62=PC8
Mcu.Pin63=PC9
Mcu.Pin64=PA8
Mcu.Pin65=PA9
Mcu.Pin66=PA10
Mcu.Pin67=PA11
Mcu.Pin68=PA12
Mcu.Pin69=PA13
Mcu.Pin7=PC15/OSC32_OUT
Mcu.Pin70=PA14
Mcu.Pin71=PA15
Mcu.Pin72=PC10
Mcu.Pin73=PC11
Mcu.Pin74=PC12
Mcu.Pin75=PD0
Mcu.Pin76=PD1
Mcu.Pin77=PD2
Mcu.Pin78=PD3
Mcu.Pin79=PD4
Mcu.Pin8=PF0
Mcu.Pin80=PD5
Mcu.Pin81=PD6
Mcu.Pin82=PD7
Mcu.Pin83=PG9
Mcu.Pin84=PG10
Mcu.Pin85=PG11
Mcu.Pin86=PG12
Mcu.Pin87=PG13
Mcu.Pin88=PG14
Mcu.Pin89=PG15
Mcu.Pin9=PF1
Mcu.Pin90=PB3
Mcu.Pin91=PB4
Mcu.Pin92=PB5
Mcu.Pin93=PB6
Mcu.Pin94=PB7
Mcu.Pin95=PB8
Mcu.Pin96=PB9
Mcu.Pin97=PE0
Mcu.Pin98=PE1
Mcu.Pin99=VP_FREERTOS_VS_ENABLE
Mcu.PinsNb=102
Mcu.ThirdPartyNb=0
Mcu.UserConstants=
Mcu.UserName=STM32F767ZITx
MxCube.Version=4.24.0
MxDb.Version=DB.4.0.240
NVIC.BusFault_IRQn=true\:0\:0\:false\:false\:false\:false\:true
NVIC.DMA2_Stream0_IRQn=true\:5\:0\:false\:false\:true\:true\:false
NVIC.DebugMonitor_IRQn=true\:0\:0\:false\:false\:false\:false\:true
NVIC.ETH_IRQn=true\:5\:0\:false\:false\:true\:true\:false
NVIC.EXTI15_10_IRQn=true\:5\:0\:false\:false\:true\:true\:true
NVIC.HardFault_IRQn=true\:0\:0\:false\:false\:false\:false\:true
NVIC.MemoryManagement_IRQn=true\:0\:0\:false\:false\:false\:false\:true
NVIC.NonMaskableInt_IRQn=true\:0\:0\:false\:false\:false\:false\:true
NVIC.PendSV_IRQn=true\:15\:0\:false\:false\:false\:true\:true
NVIC.PriorityGroup=NVIC_PRIORITYGROUP_4
NVIC.SVCall_IRQn=true\:0\:0\:false\:false\:false\:false\:true
NVIC.SysTick_IRQn=true\:15\:0\:false\:false\:true\:true\:true
NVIC.UART4_IRQn=true\:5\:0\:false\:false\:true\:true\:true
NVIC.USART6_IRQn=true\:5\:0\:false\:false\:true\:true\:true
NVIC.UsageFault_IRQn=true\:0\:0\:false\:false\:false\:false\:true
PA0/WKUP.Signal=ADCx_IN0
PA1.GPIOParameters=GPIO_Speed,GPIO_PuPd,GPIO_Mode
PA1.GPIO_Mode=GPIO_MODE_AF_PP
PA1.GPIO_PuPd=GPIO_NOPULL
PA1.GPIO_Speed=GPIO_SPEED_FREQ_VERY_HIGH
PA1.Locked=true
PA1.Mode=RMII
PA1.Signal=ETH_REF_CLK
PA10.GPIOParameters=GPIO_Label
PA10.GPIO_Label=DIGI_OUTPUT1
PA10.Locked=true
PA10.Signal=GPIO_Output
PA11.Mode=Asynchronous
PA11.Signal=UART4_RX
PA12.Locked=true
PA12.Mode=Asynchronous
PA12.Signal=UART4_TX
PA13.Locked=true
PA13.Mode=Serial_Wire
PA13.Signal=SYS_JTMS-SWDIO
PA14.Locked=true
PA14.Mode=Serial_Wire
PA14.Signal=SYS_JTCK-SWCLK
PA15.Mode=Hardware Flow Control (RS485)
PA15.Signal=UART4_DE
PA2.GPIOParameters=GPIO_Speed,GPIO_PuPd,GPIO_Mode
PA2.GPIO_Mode=GPIO_MODE_AF_PP
PA2.GPIO_PuPd=GPIO_NOPULL
PA2.GPIO_Speed=GPIO_SPEED_FREQ_VERY_HIGH
PA2.Locked=true
PA2.Mode=RMII
PA2.Signal=ETH_MDIO
PA3.Signal=ADCx_IN3
PA7.GPIOParameters=GPIO_Speed,GPIO_PuPd,GPIO_Mode
PA7.GPIO_Mode=GPIO_MODE_AF_PP
PA7.GPIO_PuPd=GPIO_NOPULL
PA7.GPIO_Speed=GPIO_SPEED_FREQ_VERY_HIGH
PA7.Locked=true
PA7.Mode=RMII
PA7.Signal=ETH_CRS_DV
PA8.GPIOParameters=GPIO_Label
PA8.GPIO_Label=DIGI_OUTPUT3
PA8.Locked=true
PA8.Signal=GPIO_Output
PA9.GPIOParameters=GPIO_Label
PA9.GPIO_Label=DIGI_OUTPUT2
PA9.Locked=true
PA9.Signal=GPIO_Output
PB0.GPIOParameters=GPIO_Speed,PinState,GPIO_PuPd,GPIO_Label,GPIO_ModeDefaultOutputPP
PB0.GPIO_Label=LD1[Green]
PB0.GPIO_ModeDefaultOutputPP=GPIO_MODE_OUTPUT_PP
PB0.GPIO_PuPd=GPIO_NOPULL
PB0.GPIO_Speed=GPIO_SPEED_FREQ_LOW
PB0.Locked=true
PB0.PinState=GPIO_PIN_RESET
PB0.Signal=GPIO_Output
PB10.GPIOParameters=GPIO_Label
PB10.GPIO_Label=DIGI_OUTPUT19
PB10.Locked=true
PB10.Signal=GPIO_Output
PB11.GPIOParameters=GPIO_Label
PB11.GPIO_Label=DIGI_OUTPUT18
PB11.Locked=true
PB11.Signal=GPIO_Output
PB12.GPIOParameters=GPIO_Label
PB12.GPIO_Label=DIGI_OUTPUT17
PB12.Locked=true
PB12.Signal=GPIO_Output
PB13.GPIOParameters=GPIO_Speed,GPIO_PuPd,GPIO_Mode
PB13.GPIO_Mode=GPIO_MODE_AF_PP
PB13.GPIO_PuPd=GPIO_NOPULL
PB13.GPIO_Speed=GPIO_SPEED_FREQ_VERY_HIGH
PB13.Locked=true
PB13.Mode=RMII
PB13.Signal=ETH_TXD1
PB14.GPIOParameters=GPIO_Speed,PinState,GPIO_PuPd,GPIO_Label,GPIO_ModeDefaultOutputPP
PB14.GPIO_Label=LD3[Red]
PB14.GPIO_ModeDefaultOutputPP=GPIO_MODE_OUTPUT_PP
PB14.GPIO_PuPd=GPIO_NOPULL
PB14.GPIO_Speed=GPIO_SPEED_FREQ_LOW
PB14.Locked=true
PB14.PinState=GPIO_PIN_RESET
PB14.Signal=GPIO_Output
PB15.GPIOParameters=GPIO_Label
PB15.GPIO_Label=DIGI_OUTPUT16
PB15.Locked=true
PB15.Signal=GPIO_Output
PB3.GPIOParameters=GPIO_Label
PB3.GPIO_Label=DIGI_INPUT18
PB3.Locked=true
PB3.Signal=GPIO_Input
PB4.GPIOParameters=GPIO_Label
PB4.GPIO_Label=DIGI_INPUT19
PB4.Locked=true
PB4.Signal=GPIO_Input
PB5.GPIOParameters=GPIO_Label
PB5.GPIO_Label=DIGI_INPUT20
PB5.Locked=true
PB5.Signal=GPIO_Input
PB6.GPIOParameters=GPIO_Label
PB6.GPIO_Label=DIGI_INPUT21
PB6.Locked=true
PB6.Signal=GPIO_Input
PB7.GPIOParameters=GPIO_Speed,PinState,GPIO_PuPd,GPIO_Label,GPIO_ModeDefaultOutputPP,GPIO_FM7
PB7.GPIO_FM7=__NULL
PB7.GPIO_Label=LD2[Blue]
PB7.GPIO_ModeDefaultOutputPP=GPIO_MODE_OUTPUT_PP
PB7.GPIO_PuPd=GPIO_NOPULL
PB7.GPIO_Speed=GPIO_SPEED_FREQ_LOW
PB7.Locked=true
PB7.PinState=GPIO_PIN_RESET
PB7.Signal=GPIO_Output
PB8.GPIOParameters=GPIO_Label
PB8.GPIO_Label=DIGI_INPUT22
PB8.Locked=true
PB8.Signal=GPIO_Input
PB9.GPIOParameters=GPIO_Label
PB9.GPIO_Label=DIGI_INPUT23
PB9.Locked=true
PB9.Signal=GPIO_Input
PC0.Signal=ADCx_IN10
PC1.GPIOParameters=GPIO_Speed,GPIO_PuPd,GPIO_Mode
PC1.GPIO_Mode=GPIO_MODE_AF_PP
PC1.GPIO_PuPd=GPIO_NOPULL
PC1.GPIO_Speed=GPIO_SPEED_FREQ_VERY_HIGH
PC1.Locked=true
PC1.Mode=RMII
PC1.Signal=ETH_MDC
PC10.GPIOParameters=GPIO_Label
PC10.GPIO_Label=DIGI_INPUT1
PC10.Locked=true
PC10.Signal=GPIO_Input
PC11.GPIOParameters=GPIO_Label
PC11.GPIO_Label=DIGI_INPUT2
PC11.Locked=true
PC11.Signal=GPIO_Input
PC12.GPIOParameters=GPIO_Label
PC12.GPIO_Label=DIGI_INPUT3
PC12.Locked=true
PC12.Signal=GPIO_Input
PC13.GPIOParameters=GPIO_PuPd,GPIO_ModeDefaultEXTI
PC13.GPIO_ModeDefaultEXTI=GPIO_MODE_IT_RISING
PC13.GPIO_PuPd=GPIO_NOPULL
PC13.Locked=true
PC13.Signal=GPXTI13
PC14/OSC32_IN.Locked=true
PC14/OSC32_IN.Mode=LSE-External-Oscillator
PC14/OSC32_IN.Signal=RCC_OSC32_IN
PC15/OSC32_OUT.Locked=true
PC15/OSC32_OUT.Mode=LSE-External-Oscillator
PC15/OSC32_OUT.Signal=RCC_OSC32_OUT
PC2.Signal=ADCx_IN12
PC3.Signal=ADCx_IN13
PC4.GPIOParameters=GPIO_Speed,GPIO_PuPd,GPIO_Mode
PC4.GPIO_Mode=GPIO_MODE_AF_PP
PC4.GPIO_PuPd=GPIO_NOPULL
PC4.GPIO_Speed=GPIO_SPEED_FREQ_VERY_HIGH
PC4.Locked=true
PC4.Mode=RMII
PC4.Signal=ETH_RXD0
PC5.GPIOParameters=GPIO_Speed,GPIO_PuPd,GPIO_Mode
PC5.GPIO_Mode=GPIO_MODE_AF_PP
PC5.GPIO_PuPd=GPIO_NOPULL
PC5.GPIO_Speed=GPIO_SPEED_FREQ_VERY_HIGH
PC5.Locked=true
PC5.Mode=RMII
PC5.Signal=ETH_RXD1
PC6.Mode=Asynchronous
PC6.Signal=USART6_TX
PC7.Mode=Asynchronous
PC7.Signal=USART6_RX
PC8.GPIOParameters=GPIO_Label
PC8.GPIO_Label=DIGI_OUTPUT5
PC8.Locked=true
PC8.Signal=GPIO_Output
PC9.GPIOParameters=GPIO_Label
PC9.GPIO_Label=DIGI_OUTPUT4
PC9.Locked=true
PC9.Signal=GPIO_Output
PCC.Checker=false
PCC.Line=STM32F7x7
PCC.MCU=STM32F767ZITx
PCC.PartNumber=STM32F767ZITx
PCC.Seq0=0
PCC.Series=STM32F7
PCC.Temperature=25
PCC.Vdd=3.6
PD0.GPIOParameters=GPIO_Label
PD0.GPIO_Label=DIGI_INPUT4
PD0.Locked=true
PD0.Signal=GPIO_Input
PD1.GPIOParameters=GPIO_Label
PD1.GPIO_Label=DIGI_INPUT5
PD1.Locked=true
PD1.Signal=GPIO_Input
PD10.GPIOParameters=GPIO_Label
PD10.GPIO_Label=DIGI_OUTPUT15
PD10.Locked=true
PD10.Signal=GPIO_Output
PD11.GPIOParameters=GPIO_Label
PD11.GPIO_Label=DIGI_OUTPUT14
PD11.Locked=true
PD11.Signal=GPIO_Output
PD12.GPIOParameters=GPIO_Label
PD12.GPIO_Label=DIGI_OUTPUT13
PD12.Locked=true
PD12.Signal=GPIO_Output
PD13.GPIOParameters=GPIO_Label
PD13.GPIO_Label=DIGI_OUTPUT12
PD13.Locked=true
PD13.Signal=GPIO_Output
PD14.GPIOParameters=GPIO_Label
PD14.GPIO_Label=DIGI_OUTPUT11
PD14.Locked=true
PD14.Signal=GPIO_Output
PD15.GPIOParameters=GPIO_Label
PD15.GPIO_Label=DIGI_OUTPUT10
PD15.Locked=true
PD15.Signal=GPIO_Output
PD2.GPIOParameters=GPIO_Label
PD2.GPIO_Label=DIGI_INPUT6
PD2.Locked=true
PD2.Signal=GPIO_Input
PD3.GPIOParameters=GPIO_Label
PD3.GPIO_Label=DIGI_INPUT7
PD3.Locked=true
PD3.Signal=GPIO_Input
PD4.GPIOParameters=GPIO_Label
PD4.GPIO_Label=DIGI_INPUT8
PD4.Locked=true
PD4.Signal=GPIO_Input
PD5.GPIOParameters=GPIO_Label
PD5.GPIO_Label=DIGI_INPUT9
PD5.Locked=true
PD5.Signal=GPIO_Input
PD6.GPIOParameters=GPIO_Label
PD6.GPIO_Label=DIGI_INPUT10
PD6.Locked=true
PD6.Signal=GPIO_Input
PD7.GPIOParameters=GPIO_Label
PD7.GPIO_Label=DIGI_INPUT11
PD7.Locked=true
PD7.Signal=GPIO_Input
PD8.GPIOParameters=GPIO_ModeDefaultPP,GPIO_Speed,GPIO_PuPd
PD8.GPIO_ModeDefaultPP=GPIO_MODE_AF_PP
PD8.GPIO_PuPd=GPIO_NOPULL
PD8.GPIO_Speed=GPIO_SPEED_FREQ_VERY_HIGH
PD8.Locked=true
PD8.Mode=Asynchronous
PD8.Signal=USART3_TX
PD9.GPIOParameters=GPIO_ModeDefaultPP,GPIO_Speed,GPIO_PuPd
PD9.GPIO_ModeDefaultPP=GPIO_MODE_AF_PP
PD9.GPIO_PuPd=GPIO_NOPULL
PD9.GPIO_Speed=GPIO_SPEED_FREQ_VERY_HIGH
PD9.Locked=true
PD9.Mode=Asynchronous
PD9.Signal=USART3_RX
PE0.GPIOParameters=GPIO_Label
PE0.GPIO_Label=DIGI_INPUT24
PE0.Locked=true
PE0.Signal=GPIO_Input
PE1.GPIOParameters=GPIO_Label
PE1.GPIO_Label=DIGI_INPUT25
PE1.Locked=true
PE1.Signal=GPIO_Input
PE10.GPIOParameters=GPIO_Label
PE10.GPIO_Label=DIGI_OUTPUT25
PE10.Locked=true
PE10.Signal=GPIO_Output
PE11.GPIOParameters=GPIO_Label
PE11.GPIO_Label=DIGI_OUTPUT24
PE11.Locked=true
PE11.Signal=GPIO_Output
PE12.GPIOParameters=GPIO_Label
PE12.GPIO_Label=DIGI_OUTPUT23
PE12.Locked=true
PE12.Signal=GPIO_Output
PE13.GPIOParameters=GPIO_Label
PE13.GPIO_Label=DIGI_OUTPUT22
PE13.Locked=true
PE13.Signal=GPIO_Output
PE14.GPIOParameters=GPIO_Label
PE14.GPIO_Label=DIGI_OUTPUT21
PE14.Locked=true
PE14.Signal=GPIO_Output
PE15.GPIOParameters=GPIO_Label
PE15.GPIO_Label=DIGI_OUTPUT20
PE15.Locked=true
PE15.Signal=GPIO_Output
PE2.GPIOParameters=GPIO_Label
PE2.GPIO_Label=DIGI_INPUT26
PE2.Locked=true
PE2.Signal=GPIO_Input
PE3.GPIOParameters=GPIO_Label
PE3.GPIO_Label=DIGI_INPUT27
PE3.Locked=true
PE3.Signal=GPIO_Input
PE4.GPIOParameters=GPIO_Label
PE4.GPIO_Label=DIGI_INPUT28
PE4.Locked=true
PE4.Signal=GPIO_Input
PE5.GPIOParameters=GPIO_Label
PE5.GPIO_Label=DIGI_INPUT29
PE5.Locked=true
PE5.Signal=GPIO_Input
PE6.GPIOParameters=GPIO_Label
PE6.GPIO_Label=DIGI_INPUT30
PE6.Locked=true
PE6.Signal=GPIO_Input
PF0.Locked=true
PF0.Signal=GPIO_Input
PF1.Locked=true
PF1.Signal=GPIO_Input
PF10.GPIOParameters=GPIO_PuPd,GPIO_Mode
PF10.GPIO_Mode=GPIO_MODE_ANALOG
PF10.GPIO_PuPd=GPIO_NOPULL
PF10.Mode=IN8
PF10.Signal=ADC3_IN8
PF2.Locked=true
PF2.Signal=GPIO_Input
PF3.GPIOParameters=GPIO_PuPd,GPIO_Mode
PF3.GPIO_Mode=GPIO_MODE_ANALOG
PF3.GPIO_PuPd=GPIO_NOPULL
PF3.Mode=IN9
PF3.Signal=ADC3_IN9
PF4.GPIOParameters=GPIO_PuPd,GPIO_Mode
PF4.GPIO_Mode=GPIO_MODE_ANALOG
PF4.GPIO_PuPd=GPIO_NOPULL
PF4.Mode=IN14
PF4.Signal=ADC3_IN14
PF5.GPIOParameters=GPIO_PuPd,GPIO_Mode
PF5.GPIO_Mode=GPIO_MODE_ANALOG
PF5.GPIO_PuPd=GPIO_NOPULL
PF5.Mode=IN15
PF5.Signal=ADC3_IN15
PF6.GPIOParameters=GPIO_PuPd,GPIO_Mode
PF6.GPIO_Mode=GPIO_MODE_ANALOG
PF6.GPIO_PuPd=GPIO_NOPULL
PF6.Mode=IN4
PF6.Signal=ADC3_IN4
PF7.GPIOParameters=GPIO_PuPd,GPIO_Mode
PF7.GPIO_Mode=GPIO_MODE_ANALOG
PF7.GPIO_PuPd=GPIO_NOPULL
PF7.Mode=IN5
PF7.Signal=ADC3_IN5
PF8.GPIOParameters=GPIO_PuPd,GPIO_Mode
PF8.GPIO_Mode=GPIO_MODE_ANALOG
PF8.GPIO_PuPd=GPIO_NOPULL
PF8.Mode=IN6
PF8.Signal=ADC3_IN6
PF9.GPIOParameters=GPIO_PuPd,GPIO_Mode
PF9.GPIO_Mode=GPIO_MODE_ANALOG
PF9.GPIO_PuPd=GPIO_NOPULL
PF9.Mode=IN7
PF9.Signal=ADC3_IN7
PG10.GPIOParameters=GPIO_Label
PG10.GPIO_Label=DIGI_INPUT13
PG10.Locked=true
PG10.Signal=GPIO_Input
PG11.GPIOParameters=GPIO_Speed,GPIO_PuPd,GPIO_Mode
PG11.GPIO_Mode=GPIO_MODE_AF_PP
PG11.GPIO_PuPd=GPIO_NOPULL
PG11.GPIO_Speed=GPIO_SPEED_FREQ_VERY_HIGH
PG11.Locked=true
PG11.Mode=RMII
PG11.Signal=ETH_TX_EN
PG12.GPIOParameters=GPIO_Label
PG12.GPIO_Label=DIGI_INPUT15
PG12.Locked=true
PG12.Signal=GPIO_Input
PG13.GPIOParameters=GPIO_Speed,GPIO_PuPd,GPIO_Mode
PG13.GPIO_Mode=GPIO_MODE_AF_PP
PG13.GPIO_PuPd=GPIO_NOPULL
PG13.GPIO_Speed=GPIO_SPEED_FREQ_VERY_HIGH
PG13.Locked=true
PG13.Mode=RMII
PG13.Signal=ETH_TXD0
PG14.GPIOParameters=GPIO_Label
PG14.GPIO_Label=DIGI_INPUT16
PG14.Locked=true
PG14.Signal=GPIO_Input
PG15.GPIOParameters=GPIO_Label
PG15.GPIO_Label=DIGI_INPUT17
PG15.Locked=true
PG15.Signal=GPIO_Input
PG2.GPIOParameters=GPIO_Label
PG2.GPIO_Label=DIGI_OUTPUT9
PG2.Locked=true
PG2.Signal=GPIO_Output
PG3.GPIOParameters=GPIO_Label
PG3.GPIO_Label=DIGI_OUTPUT8
PG3.Locked=true
PG3.Signal=GPIO_Output
PG4.GPIOParameters=GPIO_Label
PG4.GPIO_Label=DIGI_OUTPUT7
PG4.Locked=true
PG4.Signal=GPIO_Output
PG5.GPIOParameters=GPIO_Label
PG5.GPIO_Label=DIGI_OUTPUT6
PG5.Locked=true
PG5.Signal=GPIO_Output
PG6.GPIOParameters=GPIO_Speed,PinState,GPIO_PuPd,GPIO_ModeDefaultOutputPP
PG6.GPIO_ModeDefaultOutputPP=GPIO_MODE_OUTPUT_PP
PG6.GPIO_PuPd=GPIO_NOPULL
PG6.GPIO_Speed=GPIO_SPEED_FREQ_LOW
PG6.Locked=true
PG6.PinState=GPIO_PIN_RESET
PG6.Signal=GPIO_Output
PG7.GPIOParameters=GPIO_PuPd,GPIO_Mode
PG7.GPIO_Mode=GPIO_MODE_INPUT
PG7.GPIO_PuPd=GPIO_NOPULL
PG7.Locked=true
PG7.Signal=GPIO_Input
PG8.Mode=Hardware Flow Control (RS485)
PG8.Signal=USART6_DE
PG9.GPIOParameters=GPIO_Label
PG9.GPIO_Label=DIGI_INPUT12
PG9.Locked=true
PG9.Signal=GPIO_Input
PH0/OSC_IN.Locked=true
PH0/OSC_IN.Mode=HSE-External-Clock-Source
PH0/OSC_IN.Signal=RCC_OSC_IN
PH1/OSC_OUT.Locked=true
PH1/OSC_OUT.Mode=HSE-External-Clock-Source
PH1/OSC_OUT.Signal=RCC_OSC_OUT
PinOutPanel.RotationAngle=0
ProjectManager.AskForMigrate=true
ProjectManager.BackupPrevious=false
ProjectManager.CompilerOptimize=2
ProjectManager.ComputerToolchain=false
ProjectManager.CoupleFile=true
ProjectManager.CustomerFirmwarePackage=C\:/Users/ngocm/STM32Cube/Repository/STM32Cube_FW_F7_V1.9.0
ProjectManager.DefaultFWLocation=true
ProjectManager.DeletePrevious=true
ProjectManager.DeviceId=STM32F767ZITx
ProjectManager.FirmwarePackage=STM32Cube FW_F7 V1.9.0
ProjectManager.FreePins=false
ProjectManager.HalAssertFull=false
ProjectManager.HeapSize=0x200
ProjectManager.KeepUserCode=true
ProjectManager.LastFirmware=true
ProjectManager.LibraryCopy=1
ProjectManager.PreviousToolchain=
ProjectManager.ProjectBuild=false
ProjectManager.ProjectFileName=F7_SNAP7.ioc
ProjectManager.ProjectName=F7_SNAP7
ProjectManager.StackSize=0x400
ProjectManager.TargetToolchain=MDK-ARM V5
ProjectManager.ToolChainLocation=
ProjectManager.UnderRoot=false
ProjectManager.functionlistsort=1-MX_GPIO_Init-GPIO-false-HAL-true,2-MX_DMA_Init-DMA-false-HAL-true,3-SystemClock_Config-RCC-false-HAL-true,4-MX_CORTEX_M7_Init-CORTEX_M7-false-HAL-true,5-MX_USART3_UART_Init-USART3-false-HAL-true,6-MX_USART6_UART_Init-USART6-false-HAL-true,7-MX_UART4_Init-UART4-false-HAL-true,8-MX_ADC3_Init-ADC3-false-HAL-true,9-MX_LWIP_Init-LWIP-false-HAL-true
RCC.48MHZClocksFreq_Value=24000000
RCC.ADC12outputFreq_Value=72000000
RCC.ADC34outputFreq_Value=72000000
RCC.AHBFreq_Value=216000000
RCC.APB1CLKDivider=RCC_HCLK_DIV4
RCC.APB1Freq_Value=54000000
RCC.APB1TimFreq_Value=108000000
RCC.APB2CLKDivider=RCC_HCLK_DIV2
RCC.APB2Freq_Value=108000000
RCC.APB2TimFreq_Value=216000000
RCC.CECFreq_Value=32786.88524590164
RCC.CortexFreq_Value=216000000
RCC.DFSDMAudioFreq_Value=192000000
RCC.DFSDMFreq_Value=108000000
RCC.EthernetFreq_Value=216000000
RCC.FCLKCortexFreq_Value=216000000
RCC.FamilyName=M
RCC.HCLKFreq_Value=216000000
RCC.HSE_VALUE=8000000
RCC.HSI_VALUE=16000000
RCC.I2C1Freq_Value=54000000
RCC.I2C2Freq_Value=54000000
RCC.I2C3Freq_Value=54000000
RCC.I2C4Freq_Value=54000000
RCC.I2SClocksFreq_Value=48000000
RCC.I2SFreq_Value=192000000
RCC.IPParameters=48MHZClocksFreq_Value,ADC12outputFreq_Value,ADC34outputFreq_Value,AHBFreq_Value,APB1CLKDivider,APB1Freq_Value,APB1TimFreq_Value,APB2CLKDivider,APB2Freq_Value,APB2TimFreq_Value,CECFreq_Value,CortexFreq_Value,DFSDMAudioFreq_Value,DFSDMFreq_Value,EthernetFreq_Value,FCLKCortexFreq_Value,FamilyName,HCLKFreq_Value,HSE_VALUE,HSI_VALUE,I2C1Freq_Value,I2C2Freq_Value,I2C3Freq_Value,I2C4Freq_Value,I2SClocksFreq_Value,I2SFreq_Value,LCDTFTFreq_Value,LCDTFToutputFreq_Value,LPTIM1Freq_Value,LSI_VALUE,MCO1PinFreq_Value,MCO2PinFreq_Value,MCOFreq_Value,PLLCLKFreq_Value,PLLI2SPCLKFreq_Value,PLLI2SQCLKFreq_Value,PLLI2SRCLKFreq_Value,PLLI2SRoutputFreq_Value,PLLM,PLLMCOFreq_Value,PLLMUL,PLLN,PLLQ,PLLQCLKFreq_Value,PLLQoutputFreq_Value,PLLRFreq_Value,PLLSAIPCLKFreq_Value,PLLSAIQCLKFreq_Value,PLLSAIRCLKFreq_Value,PLLSAIoutputFreq_Value,PLLSourceVirtual,PRESCALERUSB,RNGFreq_Value,RTCFreq_Value,RTCHSEDivFreq_Value,SAI1Freq_Value,SAI2Freq_Value,SDMMC2Freq_Value,SDMMCFreq_Value,SPDIFRXFreq_Value,SYSCLKFreq_VALUE,SYSCLKSource,SYSCLKSourceVirtual,TIM15Freq_Value,TIM16Freq_Value,TIM17Freq_Value,TIM1Freq_Value,TIM20Freq_Value,TIM2Freq_Value,TIM3Freq_Value,TIM8Freq_Value,UART4Freq_Value,UART5Freq_Value,UART7Freq_Value,UART8Freq_Value,USART1Freq_Value,USART2Freq_Value,USART3Freq_Value,USART6Freq_Value,USBFreq_Value,VCOI2SOutputFreq_Value,VCOInputFreq_Value,VCOOutput2Freq_Value,VCOOutputFreq_Value,VCOSAIOutputFreq_Value,VcooutputI2S,WatchDogFreq_Value
RCC.LCDTFTFreq_Value=96000000
RCC.LCDTFToutputFreq_Value=96000000
RCC.LPTIM1Freq_Value=54000000
RCC.LSI_VALUE=32000
RCC.MCO1PinFreq_Value=16000000
RCC.MCO2PinFreq_Value=216000000
RCC.MCOFreq_Value=72000000
RCC.PLLCLKFreq_Value=216000000
RCC.PLLI2SPCLKFreq_Value=192000000
RCC.PLLI2SQCLKFreq_Value=192000000
RCC.PLLI2SRCLKFreq_Value=192000000
RCC.PLLI2SRoutputFreq_Value=192000000
RCC.PLLM=4
RCC.PLLMCOFreq_Value=72000000
RCC.PLLMUL=RCC_PLL_MUL9
RCC.PLLN=216
RCC.PLLQ=4
RCC.PLLQCLKFreq_Value=108000000
RCC.PLLQoutputFreq_Value=108000000
RCC.PLLRFreq_Value=216000000
RCC.PLLSAIPCLKFreq_Value=192000000
RCC.PLLSAIQCLKFreq_Value=192000000
RCC.PLLSAIRCLKFreq_Value=192000000
RCC.PLLSAIoutputFreq_Value=192000000
RCC.PLLSourceVirtual=RCC_PLLSOURCE_HSE
RCC.PRESCALERUSB=RCC_USBCLKSOURCE_PLL_DIV1_5
RCC.RNGFreq_Value=108000000
RCC.RTCFreq_Value=32000
RCC.RTCHSEDivFreq_Value=4000000
RCC.SAI1Freq_Value=192000000
RCC.SAI2Freq_Value=192000000
RCC.SDMMC2Freq_Value=216000000
RCC.SDMMCFreq_Value=216000000
RCC.SPDIFRXFreq_Value=192000000
RCC.SYSCLKFreq_VALUE=216000000
RCC.SYSCLKSource=RCC_SYSCLKSOURCE_PLLCLK
RCC.SYSCLKSourceVirtual=RCC_SYSCLKSOURCE_PLLCLK
RCC.TIM15Freq_Value=72000000
RCC.TIM16Freq_Value=72000000
RCC.TIM17Freq_Value=72000000
RCC.TIM1Freq_Value=72000000
RCC.TIM20Freq_Value=72000000
RCC.TIM2Freq_Value=72000000
RCC.TIM3Freq_Value=72000000
RCC.TIM8Freq_Value=72000000
RCC.UART4Freq_Value=54000000
RCC.UART5Freq_Value=54000000
RCC.UART7Freq_Value=54000000
RCC.UART8Freq_Value=54000000
RCC.USART1Freq_Value=108000000
RCC.USART2Freq_Value=54000000
RCC.USART3Freq_Value=54000000
RCC.USART6Freq_Value=108000000
RCC.USBFreq_Value=108000000
RCC.VCOI2SOutputFreq_Value=384000000
RCC.VCOInputFreq_Value=2000000
RCC.VCOOutput2Freq_Value=8000000
RCC.VCOOutputFreq_Value=432000000
RCC.VCOSAIOutputFreq_Value=384000000
RCC.VcooutputI2S=48000000
RCC.WatchDogFreq_Value=32000
SH.ADCx_IN0.0=ADC3_IN0,IN0
SH.ADCx_IN0.ConfNb=1
SH.ADCx_IN10.0=ADC3_IN10,IN10
SH.ADCx_IN10.ConfNb=1
SH.ADCx_IN12.0=ADC3_IN12,IN12
SH.ADCx_IN12.ConfNb=1
SH.ADCx_IN13.0=ADC3_IN13,IN13
SH.ADCx_IN13.ConfNb=1
SH.ADCx_IN3.0=ADC3_IN3,IN3
SH.ADCx_IN3.ConfNb=1
SH.GPXTI13.0=GPIO_EXTI13
SH.GPXTI13.ConfNb=1
UART4.IPParameters=WordLength
UART4.WordLength=WORDLENGTH_8B
USART3.IPParameters=VirtualMode-Asynchronous,WordLength
USART3.VirtualMode-Asynchronous=VM_ASYNC
USART3.WordLength=WORDLENGTH_8B
USART6.IPParameters=VirtualMode-Asynchronous,VirtualMode-Hardware Flow Control (RS485),WordLength
USART6.VirtualMode-Asynchronous=VM_ASYNC
USART6.VirtualMode-Hardware\ Flow\ Control\ (RS485)=VM_ASYNC
USART6.WordLength=WORDLENGTH_8B
VP_FREERTOS_VS_ENABLE.Mode=Enabled
VP_FREERTOS_VS_ENABLE.Signal=FREERTOS_VS_ENABLE
VP_LWIP_VS_Enabled.Mode=Enabled
VP_LWIP_VS_Enabled.Signal=LWIP_VS_Enabled
VP_SYS_VS_Systick.Mode=SysTick
VP_SYS_VS_Systick.Signal=SYS_VS_Systick
board=NUCLEO-F767ZI
boardIOC=true
